
Microsoft Visual Studio Solution File, Format Version 12.00
# Visual Studio Version 17
VisualStudioVersion = 17.0.32014.148
MinimumVisualStudioVersion = 10.0.40219.1
Project("{2150E333-8FDC-42A3-9474-1A3956D46DE8}") = "Services", "Services", "{600E9F7D-A518-4F5C-A96D-11BDED530C98}"
EndProject
Project("{2150E333-8FDC-42A3-9474-1A3956D46DE8}") = "Catalog", "Catalog", "{EC033E68-D586-4F12-8652-EAC7732C55DD}"
EndProject
Project("{9A19103F-16F7-4668-BE54-9A1E7A4F7556}") = "Catalog.Api", "Services\Catalog\Catalog.Api\Catalog.Api.csproj", "{B02C1DA5-969A-4E07-9CB7-AC27850C7E1E}"
EndProject
Project("{E53339B2-1760-4266-BCC7-CA923CBCF16C}") = "docker-compose", "docker-compose.dcproj", "{7B4CF636-BD9B-4CC1-8940-13CB1662814E}"
EndProject
Project("{2150E333-8FDC-42A3-9474-1A3956D46DE8}") = "Basket", "Basket", "{7B719D23-69A3-4000-BA6A-674D47A55CF0}"
EndProject
Project("{9A19103F-16F7-4668-BE54-9A1E7A4F7556}") = "Basket.Api", "Services\Basket\Basket.Api\Basket.Api.csproj", "{DEE9D9ED-0655-4E81-B068-E9A02781F38C}"
EndProject
Project("{2150E333-8FDC-42A3-9474-1A3956D46DE8}") = "Discount", "Discount", "{2E4709DE-2CA2-4CC3-A992-AF66C96BA7C7}"
EndProject
Project("{9A19103F-16F7-4668-BE54-9A1E7A4F7556}") = "Discount.Api", "Services\Discount\Discount.Api\Discount.Api.csproj", "{DD9C0785-E2AF-48C8-8455-C8345C3EEDC3}"
EndProject
Project("{9A19103F-16F7-4668-BE54-9A1E7A4F7556}") = "Discount.Grpc", "Services\Discount\Discount.Grpc\Discount.Grpc.csproj", "{61F74669-D1EB-4AE8-885F-ED7AAE86E2CE}"
EndProject
Project("{2150E333-8FDC-42A3-9474-1A3956D46DE8}") = "Ordering", "Ordering", "{944DD4C2-4DAC-48DE-925F-A3EE6D847B44}"
EndProject
Project("{9A19103F-16F7-4668-BE54-9A1E7A4F7556}") = "Ordering.Api", "Services\Ordering\Ordering.Api\Ordering.Api.csproj", "{9448B44E-759C-41E8-BE03-BA49A9CD7B2D}"
EndProject
Project("{9A19103F-16F7-4668-BE54-9A1E7A4F7556}") = "Ordering.Application", "Services\Ordering\Ordering.Application\Ordering.Application.csproj", "{7988F2E5-3C4B-44B1-8831-D6BE16492676}"
EndProject
Project("{9A19103F-16F7-4668-BE54-9A1E7A4F7556}") = "Ordering.Domain", "Services\Ordering\Ordering.Domain\Ordering.Domain.csproj", "{67D45558-D85E-462D-AE95-55499EB353F2}"
EndProject
Project("{9A19103F-16F7-4668-BE54-9A1E7A4F7556}") = "Ordering.Infrastracture", "Services\Ordering\Ordering.Infrastracture\Ordering.Infrastracture.csproj", "{6C4AAB7E-5D0D-454B-828F-C9849FF36625}"
EndProject
Project("{2150E333-8FDC-42A3-9474-1A3956D46DE8}") = "BuildingBlocks", "BuildingBlocks", "{F03ECB2C-1679-419E-8181-CA2F0EB2ABF8}"
EndProject
Project("{9A19103F-16F7-4668-BE54-9A1E7A4F7556}") = "EventBus.Message", "BuildingBlocks\EventBus.Message\EventBus.Message.csproj", "{10B59C94-4FD2-4EAD-AEEA-60F58B719904}"
EndProject
Project("{2150E333-8FDC-42A3-9474-1A3956D46DE8}") = "ApiGateways", "ApiGateways", "{16122AFD-58AF-4E3D-AD56-E2055546A7C2}"
EndProject
Project("{9A19103F-16F7-4668-BE54-9A1E7A4F7556}") = "OcelotGw", "ApiGateways\OcelotGw\OcelotGw.csproj", "{B5430037-68B8-4C04-A05A-3C65B1EDA1A7}"
EndProject
Project("{FAE04EC0-301F-11D3-BF4B-00C04F79EFBC}") = "Shopping.Aggregator", "ApiGateways\Shopping.Aggregator\Shopping.Aggregator.csproj", "{3D9DF23D-A3DF-4AEC-8C52-EE0A0624B3D4}"
EndProject
Global
	GlobalSection(SolutionConfigurationPlatforms) = preSolution
		Debug|Any CPU = Debug|Any CPU
		Release|Any CPU = Release|Any CPU
	EndGlobalSection
	GlobalSection(ProjectConfigurationPlatforms) = postSolution
		{B02C1DA5-969A-4E07-9CB7-AC27850C7E1E}.Debug|Any CPU.ActiveCfg = Debug|Any CPU
		{B02C1DA5-969A-4E07-9CB7-AC27850C7E1E}.Debug|Any CPU.Build.0 = Debug|Any CPU
		{B02C1DA5-969A-4E07-9CB7-AC27850C7E1E}.Release|Any CPU.ActiveCfg = Release|Any CPU
		{B02C1DA5-969A-4E07-9CB7-AC27850C7E1E}.Release|Any CPU.Build.0 = Release|Any CPU
		{7B4CF636-BD9B-4CC1-8940-13CB1662814E}.Debug|Any CPU.ActiveCfg = Debug|Any CPU
		{7B4CF636-BD9B-4CC1-8940-13CB1662814E}.Debug|Any CPU.Build.0 = Debug|Any CPU
		{7B4CF636-BD9B-4CC1-8940-13CB1662814E}.Release|Any CPU.ActiveCfg = Release|Any CPU
		{7B4CF636-BD9B-4CC1-8940-13CB1662814E}.Release|Any CPU.Build.0 = Release|Any CPU
		{DEE9D9ED-0655-4E81-B068-E9A02781F38C}.Debug|Any CPU.ActiveCfg = Debug|Any CPU
		{DEE9D9ED-0655-4E81-B068-E9A02781F38C}.Debug|Any CPU.Build.0 = Debug|Any CPU
		{DEE9D9ED-0655-4E81-B068-E9A02781F38C}.Release|Any CPU.ActiveCfg = Release|Any CPU
		{DEE9D9ED-0655-4E81-B068-E9A02781F38C}.Release|Any CPU.Build.0 = Release|Any CPU
		{DD9C0785-E2AF-48C8-8455-C8345C3EEDC3}.Debug|Any CPU.ActiveCfg = Debug|Any CPU
		{DD9C0785-E2AF-48C8-8455-C8345C3EEDC3}.Debug|Any CPU.Build.0 = Debug|Any CPU
		{DD9C0785-E2AF-48C8-8455-C8345C3EEDC3}.Release|Any CPU.ActiveCfg = Release|Any CPU
		{DD9C0785-E2AF-48C8-8455-C8345C3EEDC3}.Release|Any CPU.Build.0 = Release|Any CPU
		{61F74669-D1EB-4AE8-885F-ED7AAE86E2CE}.Debug|Any CPU.ActiveCfg = Debug|Any CPU
		{61F74669-D1EB-4AE8-885F-ED7AAE86E2CE}.Debug|Any CPU.Build.0 = Debug|Any CPU
		{61F74669-D1EB-4AE8-885F-ED7AAE86E2CE}.Release|Any CPU.ActiveCfg = Release|Any CPU
		{61F74669-D1EB-4AE8-885F-ED7AAE86E2CE}.Release|Any CPU.Build.0 = Release|Any CPU
		{9448B44E-759C-41E8-BE03-BA49A9CD7B2D}.Debug|Any CPU.ActiveCfg = Debug|Any CPU
		{9448B44E-759C-41E8-BE03-BA49A9CD7B2D}.Debug|Any CPU.Build.0 = Debug|Any CPU
		{9448B44E-759C-41E8-BE03-BA49A9CD7B2D}.Release|Any CPU.ActiveCfg = Release|Any CPU
		{9448B44E-759C-41E8-BE03-BA49A9CD7B2D}.Release|Any CPU.Build.0 = Release|Any CPU
		{7988F2E5-3C4B-44B1-8831-D6BE16492676}.Debug|Any CPU.ActiveCfg = Debug|Any CPU
		{7988F2E5-3C4B-44B1-8831-D6BE16492676}.Debug|Any CPU.Build.0 = Debug|Any CPU
		{7988F2E5-3C4B-44B1-8831-D6BE16492676}.Release|Any CPU.ActiveCfg = Release|Any CPU
		{7988F2E5-3C4B-44B1-8831-D6BE16492676}.Release|Any CPU.Build.0 = Release|Any CPU
		{67D45558-D85E-462D-AE95-55499EB353F2}.Debug|Any CPU.ActiveCfg = Debug|Any CPU
		{67D45558-D85E-462D-AE95-55499EB353F2}.Debug|Any CPU.Build.0 = Debug|Any CPU
		{67D45558-D85E-462D-AE95-55499EB353F2}.Release|Any CPU.ActiveCfg = Release|Any CPU
		{67D45558-D85E-462D-AE95-55499EB353F2}.Release|Any CPU.Build.0 = Release|Any CPU
		{6C4AAB7E-5D0D-454B-828F-C9849FF36625}.Debug|Any CPU.ActiveCfg = Debug|Any CPU
		{6C4AAB7E-5D0D-454B-828F-C9849FF36625}.Debug|Any CPU.Build.0 = Debug|Any CPU
		{6C4AAB7E-5D0D-454B-828F-C9849FF36625}.Release|Any CPU.ActiveCfg = Release|Any CPU
		{6C4AAB7E-5D0D-454B-828F-C9849FF36625}.Release|Any CPU.Build.0 = Release|Any CPU
		{10B59C94-4FD2-4EAD-AEEA-60F58B719904}.Debug|Any CPU.ActiveCfg = Debug|Any CPU
		{10B59C94-4FD2-4EAD-AEEA-60F58B719904}.Debug|Any CPU.Build.0 = Debug|Any CPU
		{10B59C94-4FD2-4EAD-AEEA-60F58B719904}.Release|Any CPU.ActiveCfg = Release|Any CPU
		{10B59C94-4FD2-4EAD-AEEA-60F58B719904}.Release|Any CPU.Build.0 = Release|Any CPU
		{B5430037-68B8-4C04-A05A-3C65B1EDA1A7}.Debug|Any CPU.ActiveCfg = Debug|Any CPU
		{B5430037-68B8-4C04-A05A-3C65B1EDA1A7}.Debug|Any CPU.Build.0 = Debug|Any CPU
		{B5430037-68B8-4C04-A05A-3C65B1EDA1A7}.Release|Any CPU.ActiveCfg = Release|Any CPU
		{B5430037-68B8-4C04-A05A-3C65B1EDA1A7}.Release|Any CPU.Build.0 = Release|Any CPU
		{3D9DF23D-A3DF-4AEC-8C52-EE0A0624B3D4}.Debug|Any CPU.ActiveCfg = Debug|Any CPU
		{3D9DF23D-A3DF-4AEC-8C52-EE0A0624B3D4}.Debug|Any CPU.Build.0 = Debug|Any CPU
		{3D9DF23D-A3DF-4AEC-8C52-EE0A0624B3D4}.Release|Any CPU.ActiveCfg = Release|Any CPU
		{3D9DF23D-A3DF-4AEC-8C52-EE0A0624B3D4}.Release|Any CPU.Build.0 = Release|Any CPU
	EndGlobalSection
	GlobalSection(SolutionProperties) = preSolution
		HideSolutionNode = FALSE
	EndGlobalSection
	GlobalSection(NestedProjects) = preSolution
		{EC033E68-D586-4F12-8652-EAC7732C55DD} = {600E9F7D-A518-4F5C-A96D-11BDED530C98}
		{B02C1DA5-969A-4E07-9CB7-AC27850C7E1E} = {EC033E68-D586-4F12-8652-EAC7732C55DD}
		{7B719D23-69A3-4000-BA6A-674D47A55CF0} = {600E9F7D-A518-4F5C-A96D-11BDED530C98}
		{DEE9D9ED-0655-4E81-B068-E9A02781F38C} = {7B719D23-69A3-4000-BA6A-674D47A55CF0}
		{2E4709DE-2CA2-4CC3-A992-AF66C96BA7C7} = {600E9F7D-A518-4F5C-A96D-11BDED530C98}
		{DD9C0785-E2AF-48C8-8455-C8345C3EEDC3} = {2E4709DE-2CA2-4CC3-A992-AF66C96BA7C7}
		{61F74669-D1EB-4AE8-885F-ED7AAE86E2CE} = {2E4709DE-2CA2-4CC3-A992-AF66C96BA7C7}
		{944DD4C2-4DAC-48DE-925F-A3EE6D847B44} = {600E9F7D-A518-4F5C-A96D-11BDED530C98}
		{9448B44E-759C-41E8-BE03-BA49A9CD7B2D} = {944DD4C2-4DAC-48DE-925F-A3EE6D847B44}
		{7988F2E5-3C4B-44B1-8831-D6BE16492676} = {944DD4C2-4DAC-48DE-925F-A3EE6D847B44}
		{67D45558-D85E-462D-AE95-55499EB353F2} = {944DD4C2-4DAC-48DE-925F-A3EE6D847B44}
		{6C4AAB7E-5D0D-454B-828F-C9849FF36625} = {944DD4C2-4DAC-48DE-925F-A3EE6D847B44}
		{10B59C94-4FD2-4EAD-AEEA-60F58B719904} = {F03ECB2C-1679-419E-8181-CA2F0EB2ABF8}
		{B5430037-68B8-4C04-A05A-3C65B1EDA1A7} = {16122AFD-58AF-4E3D-AD56-E2055546A7C2}
		{3D9DF23D-A3DF-4AEC-8C52-EE0A0624B3D4} = {16122AFD-58AF-4E3D-AD56-E2055546A7C2}
	EndGlobalSection
	GlobalSection(ExtensibilityGlobals) = postSolution
		SolutionGuid = {E461C368-BF18-4619-87EA-422216AF0DE0}
	EndGlobalSection
EndGlobal
